
Microsoft Visual Studio Solution File, Format Version 12.00
# Visual Studio 15
VisualStudioVersion = 15.0.27703.2047
MinimumVisualStudioVersion = 10.0.40219.1
Project("{FAE04EC0-301F-11D3-BF4B-00C04F79EFBC}") = "IntroToCSharp", "IntroToCSharp\IntroToCSharp.csproj", "{13A05BAE-01A3-43C3-BC05-C585749ADB48}"
EndProject
Project("{FAE04EC0-301F-11D3-BF4B-00C04F79EFBC}") = "Equality", "Equality\Equality.csproj", "{5384D249-7F9F-4F68-98D3-9B83CB60085B}"
EndProject
Project("{FAE04EC0-301F-11D3-BF4B-00C04F79EFBC}") = "Serialization", "Serialization\Serialization.csproj", "{129D4CC0-A060-4541-9AB0-8C762E1A3A0D}"
EndProject
Global
	GlobalSection(SolutionConfigurationPlatforms) = preSolution
		Debug|Any CPU = Debug|Any CPU
		Release|Any CPU = Release|Any CPU
	EndGlobalSection
	GlobalSection(ProjectConfigurationPlatforms) = postSolution
		{13A05BAE-01A3-43C3-BC05-C585749ADB48}.Debug|Any CPU.ActiveCfg = Debug|Any CPU
		{13A05BAE-01A3-43C3-BC05-C585749ADB48}.Debug|Any CPU.Build.0 = Debug|Any CPU
		{13A05BAE-01A3-43C3-BC05-C585749ADB48}.Release|Any CPU.ActiveCfg = Release|Any CPU
		{13A05BAE-01A3-43C3-BC05-C585749ADB48}.Release|Any CPU.Build.0 = Release|Any CPU
		{5384D249-7F9F-4F68-98D3-9B83CB60085B}.Debug|Any CPU.ActiveCfg = Debug|Any CPU
		{5384D249-7F9F-4F68-98D3-9B83CB60085B}.Debug|Any CPU.Build.0 = Debug|Any CPU
		{5384D249-7F9F-4F68-98D3-9B83CB60085B}.Release|Any CPU.ActiveCfg = Release|Any CPU
		{5384D249-7F9F-4F68-98D3-9B83CB60085B}.Release|Any CPU.Build.0 = Release|Any CPU
		{129D4CC0-A060-4541-9AB0-8C762E1A3A0D}.Debug|Any CPU.ActiveCfg = Debug|Any CPU
		{129D4CC0-A060-4541-9AB0-8C762E1A3A0D}.Debug|Any CPU.Build.0 = Debug|Any CPU
		{129D4CC0-A060-4541-9AB0-8C762E1A3A0D}.Release|Any CPU.ActiveCfg = Release|Any CPU
		{129D4CC0-A060-4541-9AB0-8C762E1A3A0D}.Release|Any CPU.Build.0 = Release|Any CPU
	EndGlobalSection
	GlobalSection(SolutionProperties) = preSolution
		HideSolutionNode = FALSE
	EndGlobalSection
	GlobalSection(ExtensibilityGlobals) = postSolution
		SolutionGuid = {054871EC-84E5-4146-B870-67F72042E086}
	EndGlobalSection
EndGlobal
